// !$*UTF8*$!
{
	archiveVersion = 1;
	classes = {
	};
	objectVersion = 52;
	objects = {

/* Begin PBXBuildFile section */
		1AF6505026129088009E6122 /* XYPad.swift in Sources */ = {isa = PBXBuildFile; fileRef = 1AF6504F26129088009E6122 /* XYPad.swift */; };
		1AF650542612B65E009E6122 /* XYPadController.swift in Sources */ = {isa = PBXBuildFile; fileRef = 1AF650532612B65E009E6122 /* XYPadController.swift */; };
		1AF650572612B755009E6122 /* MultiTouchSynth2.swift in Sources */ = {isa = PBXBuildFile; fileRef = 1AF650562612B755009E6122 /* MultiTouchSynth2.swift */; };
		9AB469FB260041F7006D28C5 /* MultiTouchSynthApp.swift in Sources */ = {isa = PBXBuildFile; fileRef = 9AB469FA260041F7006D28C5 /* MultiTouchSynthApp.swift */; };
		9AB469FD260041F7006D28C5 /* ContentView.swift in Sources */ = {isa = PBXBuildFile; fileRef = 9AB469FC260041F7006D28C5 /* ContentView.swift */; };
		9AB469FF260041FA006D28C5 /* Assets.xcassets in Resources */ = {isa = PBXBuildFile; fileRef = 9AB469FE260041FA006D28C5 /* Assets.xcassets */; };
		9AB46A02260041FA006D28C5 /* Preview Assets.xcassets in Resources */ = {isa = PBXBuildFile; fileRef = 9AB46A01260041FA006D28C5 /* Preview Assets.xcassets */; };
		9AB46A0C260044A5006D28C5 /* MultiTouchView.swift in Sources */ = {isa = PBXBuildFile; fileRef = 9AB46A0B260044A5006D28C5 /* MultiTouchView.swift */; };
		9AB46A0F260045AC006D28C5 /* MultiTouchController.swift in Sources */ = {isa = PBXBuildFile; fileRef = 9AB46A0E260045AC006D28C5 /* MultiTouchController.swift */; };
		9AB46A122600475A006D28C5 /* MultiTouchSynth.swift in Sources */ = {isa = PBXBuildFile; fileRef = 9AB46A112600475A006D28C5 /* MultiTouchSynth.swift */; };
		9AB46A16260047A0006D28C5 /* AudioKit in Frameworks */ = {isa = PBXBuildFile; productRef = 9AB46A15260047A0006D28C5 /* AudioKit */; };
/* End PBXBuildFile section */

/* Begin PBXFileReference section */
		1AF6504F26129088009E6122 /* XYPad.swift */ = {isa = PBXFileReference; lastKnownFileType = sourcecode.swift; path = XYPad.swift; sourceTree = "<group>"; };
		1AF650532612B65E009E6122 /* XYPadController.swift */ = {isa = PBXFileReference; lastKnownFileType = sourcecode.swift; path = XYPadController.swift; sourceTree = "<group>"; };
		1AF650562612B755009E6122 /* MultiTouchSynth2.swift */ = {isa = PBXFileReference; lastKnownFileType = sourcecode.swift; path = MultiTouchSynth2.swift; sourceTree = "<group>"; };
		9AB469F7260041F7006D28C5 /* MultiTouchSynth.app */ = {isa = PBXFileReference; explicitFileType = wrapper.application; includeInIndex = 0; path = MultiTouchSynth.app; sourceTree = BUILT_PRODUCTS_DIR; };
		9AB469FA260041F7006D28C5 /* MultiTouchSynthApp.swift */ = {isa = PBXFileReference; lastKnownFileType = sourcecode.swift; path = MultiTouchSynthApp.swift; sourceTree = "<group>"; };
		9AB469FC260041F7006D28C5 /* ContentView.swift */ = {isa = PBXFileReference; lastKnownFileType = sourcecode.swift; path = ContentView.swift; sourceTree = "<group>"; };
		9AB469FE260041FA006D28C5 /* Assets.xcassets */ = {isa = PBXFileReference; lastKnownFileType = folder.assetcatalog; path = Assets.xcassets; sourceTree = "<group>"; };
		9AB46A01260041FA006D28C5 /* Preview Assets.xcassets */ = {isa = PBXFileReference; lastKnownFileType = folder.assetcatalog; path = "Preview Assets.xcassets"; sourceTree = "<group>"; };
		9AB46A03260041FA006D28C5 /* Info.plist */ = {isa = PBXFileReference; lastKnownFileType = text.plist.xml; path = Info.plist; sourceTree = "<group>"; };
		9AB46A0B260044A5006D28C5 /* MultiTouchView.swift */ = {isa = PBXFileReference; lastKnownFileType = sourcecode.swift; path = MultiTouchView.swift; sourceTree = "<group>"; };
		9AB46A0E260045AC006D28C5 /* MultiTouchController.swift */ = {isa = PBXFileReference; lastKnownFileType = sourcecode.swift; path = MultiTouchController.swift; sourceTree = "<group>"; };
		9AB46A112600475A006D28C5 /* MultiTouchSynth.swift */ = {isa = PBXFileReference; lastKnownFileType = sourcecode.swift; path = MultiTouchSynth.swift; sourceTree = "<group>"; };
/* End PBXFileReference section */

/* Begin PBXFrameworksBuildPhase section */
		9AB469F4260041F7006D28C5 /* Frameworks */ = {
			isa = PBXFrameworksBuildPhase;
			buildActionMask = 2147483647;
			files = (
				9AB46A16260047A0006D28C5 /* AudioKit in Frameworks */,
			);
			runOnlyForDeploymentPostprocessing = 0;
		};
/* End PBXFrameworksBuildPhase section */

/* Begin PBXGroup section */
		9AB469EE260041F7006D28C5 = {
			isa = PBXGroup;
			children = (
				9AB469F9260041F7006D28C5 /* MultiTouchSynth */,
				9AB469F8260041F7006D28C5 /* Products */,
			);
			sourceTree = "<group>";
		};
		9AB469F8260041F7006D28C5 /* Products */ = {
			isa = PBXGroup;
			children = (
				9AB469F7260041F7006D28C5 /* MultiTouchSynth.app */,
			);
			name = Products;
			sourceTree = "<group>";
		};
		9AB469F9260041F7006D28C5 /* MultiTouchSynth */ = {
			isa = PBXGroup;
			children = (
				9AB469FA260041F7006D28C5 /* MultiTouchSynthApp.swift */,
				9AB469FC260041F7006D28C5 /* ContentView.swift */,
				1AF6504F26129088009E6122 /* XYPad.swift */,
				1AF650532612B65E009E6122 /* XYPadController.swift */,
				1AF650562612B755009E6122 /* MultiTouchSynth2.swift */,
				9AB469FE260041FA006D28C5 /* Assets.xcassets */,
				9AB46A03260041FA006D28C5 /* Info.plist */,
				9AB46A00260041FA006D28C5 /* Preview Content */,
				9AB46A0B260044A5006D28C5 /* MultiTouchView.swift */,
				9AB46A0E260045AC006D28C5 /* MultiTouchController.swift */,
				9AB46A112600475A006D28C5 /* MultiTouchSynth.swift */,
			);
			path = MultiTouchSynth;
			sourceTree = "<group>";
		};
		9AB46A00260041FA006D28C5 /* Preview Content */ = {
			isa = PBXGroup;
			children = (
				9AB46A01260041FA006D28C5 /* Preview Assets.xcassets */,
			);
			path = "Preview Content";
			sourceTree = "<group>";
		};
/* End PBXGroup section */

/* Begin PBXNativeTarget section */
		9AB469F6260041F7006D28C5 /* MultiTouchSynth */ = {
			isa = PBXNativeTarget;
			buildConfigurationList = 9AB46A06260041FA006D28C5 /* Build configuration list for PBXNativeTarget "MultiTouchSynth" */;
			buildPhases = (
				9AB469F3260041F7006D28C5 /* Sources */,
				9AB469F4260041F7006D28C5 /* Frameworks */,
				9AB469F5260041F7006D28C5 /* Resources */,
			);
			buildRules = (
			);
			dependencies = (
			);
			name = MultiTouchSynth;
			packageProductDependencies = (
				9AB46A15260047A0006D28C5 /* AudioKit */,
			);
			productName = MultiTouchSynth;
			productReference = 9AB469F7260041F7006D28C5 /* MultiTouchSynth.app */;
			productType = "com.apple.product-type.application";
		};
/* End PBXNativeTarget section */

/* Begin PBXProject section */
		9AB469EF260041F7006D28C5 /* Project object */ = {
			isa = PBXProject;
			attributes = {
				LastSwiftUpdateCheck = 1240;
				LastUpgradeCheck = 1240;
				TargetAttributes = {
					9AB469F6260041F7006D28C5 = {
						CreatedOnToolsVersion = 12.4;
					};
				};
			};
			buildConfigurationList = 9AB469F2260041F7006D28C5 /* Build configuration list for PBXProject "MultiTouchSynth" */;
			compatibilityVersion = "Xcode 9.3";
			developmentRegion = en;
			hasScannedForEncodings = 0;
			knownRegions = (
				en,
				Base,
			);
			mainGroup = 9AB469EE260041F7006D28C5;
			packageReferences = (
				9AB46A14260047A0006D28C5 /* XCRemoteSwiftPackageReference "AudioKit" */,
			);
			productRefGroup = 9AB469F8260041F7006D28C5 /* Products */;
			projectDirPath = "";
			projectRoot = "";
			targets = (
				9AB469F6260041F7006D28C5 /* MultiTouchSynth */,
			);
		};
/* End PBXProject section */

/* Begin PBXResourcesBuildPhase section */
		9AB469F5260041F7006D28C5 /* Resources */ = {
			isa = PBXResourcesBuildPhase;
			buildActionMask = 2147483647;
			files = (
				9AB46A02260041FA006D28C5 /* Preview Assets.xcassets in Resources */,
				9AB469FF260041FA006D28C5 /* Assets.xcassets in Resources */,
			);
			runOnlyForDeploymentPostprocessing = 0;
		};
/* End PBXResourcesBuildPhase section */

/* Begin PBXSourcesBuildPhase section */
		9AB469F3260041F7006D28C5 /* Sources */ = {
			isa = PBXSourcesBuildPhase;
			buildActionMask = 2147483647;
			files = (
				9AB469FD260041F7006D28C5 /* ContentView.swift in Sources */,
				1AF650542612B65E009E6122 /* XYPadController.swift in Sources */,
				9AB46A0C260044A5006D28C5 /* MultiTouchView.swift in Sources */,
				9AB469FB260041F7006D28C5 /* MultiTouchSynthApp.swift in Sources */,
				9AB46A122600475A006D28C5 /* MultiTouchSynth.swift in Sources */,
				1AF6505026129088009E6122 /* XYPad.swift in Sources */,
				9AB46A0F260045AC006D28C5 /* MultiTouchController.swift in Sources */,
				1AF650572612B755009E6122 /* MultiTouchSynth2.swift in Sources */,
			);
			runOnlyForDeploymentPostprocessing = 0;
		};
/* End PBXSourcesBuildPhase section */

/* Begin XCBuildConfiguration section */
		9AB46A04260041FA006D28C5 /* Debug */ = {
			isa = XCBuildConfiguration;
			buildSettings = {
				ALWAYS_SEARCH_USER_PATHS = NO;
				CLANG_ANALYZER_NONNULL = YES;
				CLANG_ANALYZER_NUMBER_OBJECT_CONVERSION = YES_AGGRESSIVE;
				CLANG_CXX_LANGUAGE_STANDARD = "gnu++14";
				CLANG_CXX_LIBRARY = "libc++";
				CLANG_ENABLE_MODULES = YES;
				CLANG_ENABLE_OBJC_ARC = YES;
				CLANG_ENABLE_OBJC_WEAK = YES;
				CLANG_WARN_BLOCK_CAPTURE_AUTORELEASING = YES;
				CLANG_WARN_BOOL_CONVERSION = YES;
				CLANG_WARN_COMMA = YES;
				CLANG_WARN_CONSTANT_CONVERSION = YES;
				CLANG_WARN_DEPRECATED_OBJC_IMPLEMENTATIONS = YES;
				CLANG_WARN_DIRECT_OBJC_ISA_USAGE = YES_ERROR;
				CLANG_WARN_DOCUMENTATION_COMMENTS = YES;
				CLANG_WARN_EMPTY_BODY = YES;
				CLANG_WARN_ENUM_CONVERSION = YES;
				CLANG_WARN_INFINITE_RECURSION = YES;
				CLANG_WARN_INT_CONVERSION = YES;
				CLANG_WARN_NON_LITERAL_NULL_CONVERSION = YES;
				CLANG_WARN_OBJC_IMPLICIT_RETAIN_SELF = YES;
				CLANG_WARN_OBJC_LITERAL_CONVERSION = YES;
				CLANG_WARN_OBJC_ROOT_CLASS = YES_ERROR;
				CLANG_WARN_QUOTED_INCLUDE_IN_FRAMEWORK_HEADER = YES;
				CLANG_WARN_RANGE_LOOP_ANALYSIS = YES;
				CLANG_WARN_STRICT_PROTOTYPES = YES;
				CLANG_WARN_SUSPICIOUS_MOVE = YES;
				CLANG_WARN_UNGUARDED_AVAILABILITY = YES_AGGRESSIVE;
				CLANG_WARN_UNREACHABLE_CODE = YES;
				CLANG_WARN__DUPLICATE_METHOD_MATCH = YES;
				COPY_PHASE_STRIP = NO;
				DEBUG_INFORMATION_FORMAT = dwarf;
				ENABLE_STRICT_OBJC_MSGSEND = YES;
				ENABLE_TESTABILITY = YES;
				GCC_C_LANGUAGE_STANDARD = gnu11;
				GCC_DYNAMIC_NO_PIC = NO;
				GCC_NO_COMMON_BLOCKS = YES;
				GCC_OPTIMIZATION_LEVEL = 0;
				GCC_PREPROCESSOR_DEFINITIONS = (
					"DEBUG=1",
					"$(inherited)",
				);
				GCC_WARN_64_TO_32_BIT_CONVERSION = YES;
				GCC_WARN_ABOUT_RETURN_TYPE = YES_ERROR;
				GCC_WARN_UNDECLARED_SELECTOR = YES;
				GCC_WARN_UNINITIALIZED_AUTOS = YES_AGGRESSIVE;
				GCC_WARN_UNUSED_FUNCTION = YES;
				GCC_WARN_UNUSED_VARIABLE = YES;
				IPHONEOS_DEPLOYMENT_TARGET = 14.4;
				MTL_ENABLE_DEBUG_INFO = INCLUDE_SOURCE;
				MTL_FAST_MATH = YES;
				ONLY_ACTIVE_ARCH = YES;
				SDKROOT = iphoneos;
				SWIFT_ACTIVE_COMPILATION_CONDITIONS = DEBUG;
				SWIFT_OPTIMIZATION_LEVEL = "-Onone";
			};
			name = Debug;
		};
		9AB46A05260041FA006D28C5 /* Release */ = {
			isa = XCBuildConfiguration;
			buildSettings = {
				ALWAYS_SEARCH_USER_PATHS = NO;
				CLANG_ANALYZER_NONNULL = YES;
				CLANG_ANALYZER_NUMBER_OBJECT_CONVERSION = YES_AGGRESSIVE;
				CLANG_CXX_LANGUAGE_STANDARD = "gnu++14";
				CLANG_CXX_LIBRARY = "libc++";
				CLANG_ENABLE_MODULES = YES;
				CLANG_ENABLE_OBJC_ARC = YES;
				CLANG_ENABLE_OBJC_WEAK = YES;
				CLANG_WARN_BLOCK_CAPTURE_AUTORELEASING = YES;
				CLANG_WARN_BOOL_CONVERSION = YES;
				CLANG_WARN_COMMA = YES;
				CLANG_WARN_CONSTANT_CONVERSION = YES;
				CLANG_WARN_DEPRECATED_OBJC_IMPLEMENTATIONS = YES;
				CLANG_WARN_DIRECT_OBJC_ISA_USAGE = YES_ERROR;
				CLANG_WARN_DOCUMENTATION_COMMENTS = YES;
				CLANG_WARN_EMPTY_BODY = YES;
				CLANG_WARN_ENUM_CONVERSION = YES;
				CLANG_WARN_INFINITE_RECURSION = YES;
				CLANG_WARN_INT_CONVERSION = YES;
				CLANG_WARN_NON_LITERAL_NULL_CONVERSION = YES;
				CLANG_WARN_OBJC_IMPLICIT_RETAIN_SELF = YES;
				CLANG_WARN_OBJC_LITERAL_CONVERSION = YES;
				CLANG_WARN_OBJC_ROOT_CLASS = YES_ERROR;
				CLANG_WARN_QUOTED_INCLUDE_IN_FRAMEWORK_HEADER = YES;
				CLANG_WARN_RANGE_LOOP_ANALYSIS = YES;
				CLANG_WARN_STRICT_PROTOTYPES = YES;
				CLANG_WARN_SUSPICIOUS_MOVE = YES;
				CLANG_WARN_UNGUARDED_AVAILABILITY = YES_AGGRESSIVE;
				CLANG_WARN_UNREACHABLE_CODE = YES;
				CLANG_WARN__DUPLICATE_METHOD_MATCH = YES;
				COPY_PHASE_STRIP = NO;
				DEBUG_INFORMATION_FORMAT = "dwarf-with-dsym";
				ENABLE_NS_ASSERTIONS = NO;
				ENABLE_STRICT_OBJC_MSGSEND = YES;
				GCC_C_LANGUAGE_STANDARD = gnu11;
				GCC_NO_COMMON_BLOCKS = YES;
				GCC_WARN_64_TO_32_BIT_CONVERSION = YES;
				GCC_WARN_ABOUT_RETURN_TYPE = YES_ERROR;
				GCC_WARN_UNDECLARED_SELECTOR = YES;
				GCC_WARN_UNINITIALIZED_AUTOS = YES_AGGRESSIVE;
				GCC_WARN_UNUSED_FUNCTION = YES;
				GCC_WARN_UNUSED_VARIABLE = YES;
				IPHONEOS_DEPLOYMENT_TARGET = 14.4;
				MTL_ENABLE_DEBUG_INFO = NO;
				MTL_FAST_MATH = YES;
				SDKROOT = iphoneos;
				SWIFT_COMPILATION_MODE = wholemodule;
				SWIFT_OPTIMIZATION_LEVEL = "-O";
				VALIDATE_PRODUCT = YES;
			};
			name = Release;
		};
		9AB46A07260041FA006D28C5 /* Debug */ = {
			isa = XCBuildConfiguration;
			buildSettings = {
				ASSETCATALOG_COMPILER_APPICON_NAME = AppIcon;
				ASSETCATALOG_COMPILER_GLOBAL_ACCENT_COLOR_NAME = AccentColor;
				CODE_SIGN_STYLE = Automatic;
				DEVELOPMENT_ASSET_PATHS = "\"MultiTouchSynth/Preview Content\"";
				DEVELOPMENT_TEAM = Y8F5RA8F8N;
				ENABLE_PREVIEWS = YES;
				INFOPLIST_FILE = MultiTouchSynth/Info.plist;
				IPHONEOS_DEPLOYMENT_TARGET = 14.0;
				LD_RUNPATH_SEARCH_PATHS = (
					"$(inherited)",
					"@executable_path/Frameworks",
				);
				PRODUCT_BUNDLE_IDENTIFIER = edu.berklee.nleong2.MultiTouchSynth;
				PRODUCT_NAME = "$(TARGET_NAME)";
				SWIFT_VERSION = 5.0;
				TARGETED_DEVICE_FAMILY = "1,2";
			};
			name = Debug;
		};
		9AB46A08260041FA006D28C5 /* Release */ = {
			isa = XCBuildConfiguration;
			buildSettings = {
				ASSETCATALOG_COMPILER_APPICON_NAME = AppIcon;
				ASSETCATALOG_COMPILER_GLOBAL_ACCENT_COLOR_NAME = AccentColor;
				CODE_SIGN_STYLE = Automatic;
				DEVELOPMENT_ASSET_PATHS = "\"MultiTouchSynth/Preview Content\"";
				DEVELOPMENT_TEAM = Y8F5RA8F8N;
				ENABLE_PREVIEWS = YES;
				INFOPLIST_FILE = MultiTouchSynth/Info.plist;
				IPHONEOS_DEPLOYMENT_TARGET = 14.0;
				LD_RUNPATH_SEARCH_PATHS = (
					"$(inherited)",
					"@executable_path/Frameworks",
				);
				PRODUCT_BUNDLE_IDENTIFIER = edu.berklee.nleong2.MultiTouchSynth;
				PRODUCT_NAME = "$(TARGET_NAME)";
				SWIFT_VERSION = 5.0;
				TARGETED_DEVICE_FAMILY = "1,2";
			};
			name = Release;
		};
/* End XCBuildConfiguration section */

/* Begin XCConfigurationList section */
		9AB469F2260041F7006D28C5 /* Build configuration list for PBXProject "MultiTouchSynth" */ = {
			isa = XCConfigurationList;
			buildConfigurations = (
				9AB46A04260041FA006D28C5 /* Debug */,
				9AB46A05260041FA006D28C5 /* Release */,
			);
			defaultConfigurationIsVisible = 0;
			defaultConfigurationName = Release;
		};
		9AB46A06260041FA006D28C5 /* Build configuration list for PBXNativeTarget "MultiTouchSynth" */ = {
			isa = XCConfigurationList;
			buildConfigurations = (
				9AB46A07260041FA006D28C5 /* Debug */,
				9AB46A08260041FA006D28C5 /* Release */,
			);
			defaultConfigurationIsVisible = 0;
			defaultConfigurationName = Release;
		};
/* End XCConfigurationList section */

/* Begin XCRemoteSwiftPackageReference section */
		9AB46A14260047A0006D28C5 /* XCRemoteSwiftPackageReference "AudioKit" */ = {
			isa = XCRemoteSwiftPackageReference;
			repositoryURL = "https://github.com/AudioKit/AudioKit";
			requirement = {
				branch = "v5-main";
				kind = branch;
			};
		};
/* End XCRemoteSwiftPackageReference section */

/* Begin XCSwiftPackageProductDependency section */
		9AB46A15260047A0006D28C5 /* AudioKit */ = {
			isa = XCSwiftPackageProductDependency;
			package = 9AB46A14260047A0006D28C5 /* XCRemoteSwiftPackageReference "AudioKit" */;
			productName = AudioKit;
		};
/* End XCSwiftPackageProductDependency section */
	};
	rootObject = 9AB469EF260041F7006D28C5 /* Project object */;
}
