// !$*UTF8*$!
{
	archiveVersion = 1;
	classes = {
	};
	objectVersion = 52;
	objects = {

/* Begin PBXBuildFile section */
		1A014FB426043EAB004BBE3A /* Loops in Resources */ = {isa = PBXBuildFile; fileRef = 1A014FB326043EAB004BBE3A /* Loops */; };
		1A2A339A26044E38000E8FB3 /* Sliders in Frameworks */ = {isa = PBXBuildFile; productRef = 1A2A339926044E38000E8FB3 /* Sliders */; };
		1A8D600C26008847003615BB /* Looper.swift in Sources */ = {isa = PBXBuildFile; fileRef = 1A8D600B26008847003615BB /* Looper.swift */; };
		9A13520425E88983008DDBBE /* TabPlayerApp.swift in Sources */ = {isa = PBXBuildFile; fileRef = 9A13520325E88983008DDBBE /* TabPlayerApp.swift */; };
		9A13520625E88983008DDBBE /* ContentView.swift in Sources */ = {isa = PBXBuildFile; fileRef = 9A13520525E88983008DDBBE /* ContentView.swift */; };
		9A13520825E88986008DDBBE /* Assets.xcassets in Resources */ = {isa = PBXBuildFile; fileRef = 9A13520725E88986008DDBBE /* Assets.xcassets */; };
		9A13520B25E88986008DDBBE /* Preview Assets.xcassets in Resources */ = {isa = PBXBuildFile; fileRef = 9A13520A25E88986008DDBBE /* Preview Assets.xcassets */; };
		9A13521525E88C12008DDBBE /* WebView.swift in Sources */ = {isa = PBXBuildFile; fileRef = 9A13521425E88C12008DDBBE /* WebView.swift */; };
		9A13521825E88CA7008DDBBE /* DrumSynth.swift in Sources */ = {isa = PBXBuildFile; fileRef = 9A13521725E88CA7008DDBBE /* DrumSynth.swift */; };
		9A13521B25E88ED8008DDBBE /* DrumPad.swift in Sources */ = {isa = PBXBuildFile; fileRef = 9A13521A25E88ED8008DDBBE /* DrumPad.swift */; };
		9A13522625E89407008DDBBE /* AudioKit in Frameworks */ = {isa = PBXBuildFile; productRef = 9A13522525E89407008DDBBE /* AudioKit */; };
		9A13523825E8C0C7008DDBBE /* Samples in Resources */ = {isa = PBXBuildFile; fileRef = 9A13523725E8C0C7008DDBBE /* Samples */; };
		9A1542F225F7D1410079CC50 /* DrumController.swift in Sources */ = {isa = PBXBuildFile; fileRef = 9A1542F125F7D1410079CC50 /* DrumController.swift */; };
/* End PBXBuildFile section */

/* Begin PBXFileReference section */
		1A014FB326043EAB004BBE3A /* Loops */ = {isa = PBXFileReference; fileEncoding = 4; lastKnownFileType = text; path = Loops; sourceTree = SOURCE_ROOT; };
		1A8D600B26008847003615BB /* Looper.swift */ = {isa = PBXFileReference; lastKnownFileType = sourcecode.swift; path = Looper.swift; sourceTree = "<group>"; };
		9A13520025E88983008DDBBE /* TabPlayer.app */ = {isa = PBXFileReference; explicitFileType = wrapper.application; includeInIndex = 0; path = TabPlayer.app; sourceTree = BUILT_PRODUCTS_DIR; };
		9A13520325E88983008DDBBE /* TabPlayerApp.swift */ = {isa = PBXFileReference; lastKnownFileType = sourcecode.swift; path = TabPlayerApp.swift; sourceTree = "<group>"; };
		9A13520525E88983008DDBBE /* ContentView.swift */ = {isa = PBXFileReference; lastKnownFileType = sourcecode.swift; path = ContentView.swift; sourceTree = "<group>"; };
		9A13520725E88986008DDBBE /* Assets.xcassets */ = {isa = PBXFileReference; lastKnownFileType = folder.assetcatalog; path = Assets.xcassets; sourceTree = "<group>"; };
		9A13520A25E88986008DDBBE /* Preview Assets.xcassets */ = {isa = PBXFileReference; lastKnownFileType = folder.assetcatalog; path = "Preview Assets.xcassets"; sourceTree = "<group>"; };
		9A13520C25E88986008DDBBE /* Info.plist */ = {isa = PBXFileReference; lastKnownFileType = text.plist.xml; path = Info.plist; sourceTree = "<group>"; };
		9A13521425E88C12008DDBBE /* WebView.swift */ = {isa = PBXFileReference; lastKnownFileType = sourcecode.swift; path = WebView.swift; sourceTree = "<group>"; };
		9A13521725E88CA7008DDBBE /* DrumSynth.swift */ = {isa = PBXFileReference; lastKnownFileType = sourcecode.swift; path = DrumSynth.swift; sourceTree = "<group>"; };
		9A13521A25E88ED8008DDBBE /* DrumPad.swift */ = {isa = PBXFileReference; lastKnownFileType = sourcecode.swift; path = DrumPad.swift; sourceTree = "<group>"; };
		9A13523725E8C0C7008DDBBE /* Samples */ = {isa = PBXFileReference; fileEncoding = 4; lastKnownFileType = text; path = Samples; sourceTree = SOURCE_ROOT; };
		9A1542F125F7D1410079CC50 /* DrumController.swift */ = {isa = PBXFileReference; lastKnownFileType = sourcecode.swift; path = DrumController.swift; sourceTree = "<group>"; };
/* End PBXFileReference section */

/* Begin PBXFrameworksBuildPhase section */
		9A1351FD25E88983008DDBBE /* Frameworks */ = {
			isa = PBXFrameworksBuildPhase;
			buildActionMask = 2147483647;
			files = (
				9A13522625E89407008DDBBE /* AudioKit in Frameworks */,
				1A2A339A26044E38000E8FB3 /* Sliders in Frameworks */,
			);
			runOnlyForDeploymentPostprocessing = 0;
		};
/* End PBXFrameworksBuildPhase section */

/* Begin PBXGroup section */
		9A1351F725E88983008DDBBE = {
			isa = PBXGroup;
			children = (
				9A13520225E88983008DDBBE /* TabPlayer */,
				9A13520125E88983008DDBBE /* Products */,
			);
			sourceTree = "<group>";
		};
		9A13520125E88983008DDBBE /* Products */ = {
			isa = PBXGroup;
			children = (
				9A13520025E88983008DDBBE /* TabPlayer.app */,
			);
			name = Products;
			sourceTree = "<group>";
		};
		9A13520225E88983008DDBBE /* TabPlayer */ = {
			isa = PBXGroup;
			children = (
				9A13520325E88983008DDBBE /* TabPlayerApp.swift */,
				1A014FB326043EAB004BBE3A /* Loops */,
				9A13523725E8C0C7008DDBBE /* Samples */,
				9A13520525E88983008DDBBE /* ContentView.swift */,
				1A8D600B26008847003615BB /* Looper.swift */,
				9A13520725E88986008DDBBE /* Assets.xcassets */,
				9A13520C25E88986008DDBBE /* Info.plist */,
				9A13520925E88986008DDBBE /* Preview Content */,
				9A13521425E88C12008DDBBE /* WebView.swift */,
				9A13521725E88CA7008DDBBE /* DrumSynth.swift */,
				9A13521A25E88ED8008DDBBE /* DrumPad.swift */,
				9A1542F125F7D1410079CC50 /* DrumController.swift */,
			);
			path = TabPlayer;
			sourceTree = "<group>";
		};
		9A13520925E88986008DDBBE /* Preview Content */ = {
			isa = PBXGroup;
			children = (
				9A13520A25E88986008DDBBE /* Preview Assets.xcassets */,
			);
			path = "Preview Content";
			sourceTree = "<group>";
		};
/* End PBXGroup section */

/* Begin PBXNativeTarget section */
		9A1351FF25E88983008DDBBE /* TabPlayer */ = {
			isa = PBXNativeTarget;
			buildConfigurationList = 9A13520F25E88986008DDBBE /* Build configuration list for PBXNativeTarget "TabPlayer" */;
			buildPhases = (
				9A1351FC25E88983008DDBBE /* Sources */,
				9A1351FD25E88983008DDBBE /* Frameworks */,
				9A1351FE25E88983008DDBBE /* Resources */,
			);
			buildRules = (
			);
			dependencies = (
			);
			name = TabPlayer;
			packageProductDependencies = (
				9A13522525E89407008DDBBE /* AudioKit */,
				1A2A339926044E38000E8FB3 /* Sliders */,
			);
			productName = TabPlayer;
			productReference = 9A13520025E88983008DDBBE /* TabPlayer.app */;
			productType = "com.apple.product-type.application";
		};
/* End PBXNativeTarget section */

/* Begin PBXProject section */
		9A1351F825E88983008DDBBE /* Project object */ = {
			isa = PBXProject;
			attributes = {
				LastSwiftUpdateCheck = 1240;
				LastUpgradeCheck = 1240;
				TargetAttributes = {
					9A1351FF25E88983008DDBBE = {
						CreatedOnToolsVersion = 12.4;
					};
				};
			};
			buildConfigurationList = 9A1351FB25E88983008DDBBE /* Build configuration list for PBXProject "TabPlayer" */;
			compatibilityVersion = "Xcode 9.3";
			developmentRegion = en;
			hasScannedForEncodings = 0;
			knownRegions = (
				en,
				Base,
			);
			mainGroup = 9A1351F725E88983008DDBBE;
			packageReferences = (
				9A13522425E89407008DDBBE /* XCRemoteSwiftPackageReference "AudioKit" */,
				1A2A339826044E38000E8FB3 /* XCRemoteSwiftPackageReference "swiftui-sliders" */,
			);
			productRefGroup = 9A13520125E88983008DDBBE /* Products */;
			projectDirPath = "";
			projectRoot = "";
			targets = (
				9A1351FF25E88983008DDBBE /* TabPlayer */,
			);
		};
/* End PBXProject section */

/* Begin PBXResourcesBuildPhase section */
		9A1351FE25E88983008DDBBE /* Resources */ = {
			isa = PBXResourcesBuildPhase;
			buildActionMask = 2147483647;
			files = (
				9A13523825E8C0C7008DDBBE /* Samples in Resources */,
				9A13520B25E88986008DDBBE /* Preview Assets.xcassets in Resources */,
				1A014FB426043EAB004BBE3A /* Loops in Resources */,
				9A13520825E88986008DDBBE /* Assets.xcassets in Resources */,
			);
			runOnlyForDeploymentPostprocessing = 0;
		};
/* End PBXResourcesBuildPhase section */

/* Begin PBXSourcesBuildPhase section */
		9A1351FC25E88983008DDBBE /* Sources */ = {
			isa = PBXSourcesBuildPhase;
			buildActionMask = 2147483647;
			files = (
				9A13521525E88C12008DDBBE /* WebView.swift in Sources */,
				9A13520625E88983008DDBBE /* ContentView.swift in Sources */,
				9A13520425E88983008DDBBE /* TabPlayerApp.swift in Sources */,
				1A8D600C26008847003615BB /* Looper.swift in Sources */,
				9A13521825E88CA7008DDBBE /* DrumSynth.swift in Sources */,
				9A1542F225F7D1410079CC50 /* DrumController.swift in Sources */,
				9A13521B25E88ED8008DDBBE /* DrumPad.swift in Sources */,
			);
			runOnlyForDeploymentPostprocessing = 0;
		};
/* End PBXSourcesBuildPhase section */

/* Begin XCBuildConfiguration section */
		9A13520D25E88986008DDBBE /* Debug */ = {
			isa = XCBuildConfiguration;
			buildSettings = {
				ALWAYS_SEARCH_USER_PATHS = NO;
				CLANG_ANALYZER_NONNULL = YES;
				CLANG_ANALYZER_NUMBER_OBJECT_CONVERSION = YES_AGGRESSIVE;
				CLANG_CXX_LANGUAGE_STANDARD = "gnu++14";
				CLANG_CXX_LIBRARY = "libc++";
				CLANG_ENABLE_MODULES = YES;
				CLANG_ENABLE_OBJC_ARC = YES;
				CLANG_ENABLE_OBJC_WEAK = YES;
				CLANG_WARN_BLOCK_CAPTURE_AUTORELEASING = YES;
				CLANG_WARN_BOOL_CONVERSION = YES;
				CLANG_WARN_COMMA = YES;
				CLANG_WARN_CONSTANT_CONVERSION = YES;
				CLANG_WARN_DEPRECATED_OBJC_IMPLEMENTATIONS = YES;
				CLANG_WARN_DIRECT_OBJC_ISA_USAGE = YES_ERROR;
				CLANG_WARN_DOCUMENTATION_COMMENTS = YES;
				CLANG_WARN_EMPTY_BODY = YES;
				CLANG_WARN_ENUM_CONVERSION = YES;
				CLANG_WARN_INFINITE_RECURSION = YES;
				CLANG_WARN_INT_CONVERSION = YES;
				CLANG_WARN_NON_LITERAL_NULL_CONVERSION = YES;
				CLANG_WARN_OBJC_IMPLICIT_RETAIN_SELF = YES;
				CLANG_WARN_OBJC_LITERAL_CONVERSION = YES;
				CLANG_WARN_OBJC_ROOT_CLASS = YES_ERROR;
				CLANG_WARN_QUOTED_INCLUDE_IN_FRAMEWORK_HEADER = YES;
				CLANG_WARN_RANGE_LOOP_ANALYSIS = YES;
				CLANG_WARN_STRICT_PROTOTYPES = YES;
				CLANG_WARN_SUSPICIOUS_MOVE = YES;
				CLANG_WARN_UNGUARDED_AVAILABILITY = YES_AGGRESSIVE;
				CLANG_WARN_UNREACHABLE_CODE = YES;
				CLANG_WARN__DUPLICATE_METHOD_MATCH = YES;
				COPY_PHASE_STRIP = NO;
				DEBUG_INFORMATION_FORMAT = dwarf;
				ENABLE_STRICT_OBJC_MSGSEND = YES;
				ENABLE_TESTABILITY = YES;
				GCC_C_LANGUAGE_STANDARD = gnu11;
				GCC_DYNAMIC_NO_PIC = NO;
				GCC_NO_COMMON_BLOCKS = YES;
				GCC_OPTIMIZATION_LEVEL = 0;
				GCC_PREPROCESSOR_DEFINITIONS = (
					"DEBUG=1",
					"$(inherited)",
				);
				GCC_WARN_64_TO_32_BIT_CONVERSION = YES;
				GCC_WARN_ABOUT_RETURN_TYPE = YES_ERROR;
				GCC_WARN_UNDECLARED_SELECTOR = YES;
				GCC_WARN_UNINITIALIZED_AUTOS = YES_AGGRESSIVE;
				GCC_WARN_UNUSED_FUNCTION = YES;
				GCC_WARN_UNUSED_VARIABLE = YES;
				IPHONEOS_DEPLOYMENT_TARGET = 14.4;
				MTL_ENABLE_DEBUG_INFO = INCLUDE_SOURCE;
				MTL_FAST_MATH = YES;
				ONLY_ACTIVE_ARCH = YES;
				SDKROOT = iphoneos;
				SWIFT_ACTIVE_COMPILATION_CONDITIONS = DEBUG;
				SWIFT_OPTIMIZATION_LEVEL = "-Onone";
			};
			name = Debug;
		};
		9A13520E25E88986008DDBBE /* Release */ = {
			isa = XCBuildConfiguration;
			buildSettings = {
				ALWAYS_SEARCH_USER_PATHS = NO;
				CLANG_ANALYZER_NONNULL = YES;
				CLANG_ANALYZER_NUMBER_OBJECT_CONVERSION = YES_AGGRESSIVE;
				CLANG_CXX_LANGUAGE_STANDARD = "gnu++14";
				CLANG_CXX_LIBRARY = "libc++";
				CLANG_ENABLE_MODULES = YES;
				CLANG_ENABLE_OBJC_ARC = YES;
				CLANG_ENABLE_OBJC_WEAK = YES;
				CLANG_WARN_BLOCK_CAPTURE_AUTORELEASING = YES;
				CLANG_WARN_BOOL_CONVERSION = YES;
				CLANG_WARN_COMMA = YES;
				CLANG_WARN_CONSTANT_CONVERSION = YES;
				CLANG_WARN_DEPRECATED_OBJC_IMPLEMENTATIONS = YES;
				CLANG_WARN_DIRECT_OBJC_ISA_USAGE = YES_ERROR;
				CLANG_WARN_DOCUMENTATION_COMMENTS = YES;
				CLANG_WARN_EMPTY_BODY = YES;
				CLANG_WARN_ENUM_CONVERSION = YES;
				CLANG_WARN_INFINITE_RECURSION = YES;
				CLANG_WARN_INT_CONVERSION = YES;
				CLANG_WARN_NON_LITERAL_NULL_CONVERSION = YES;
				CLANG_WARN_OBJC_IMPLICIT_RETAIN_SELF = YES;
				CLANG_WARN_OBJC_LITERAL_CONVERSION = YES;
				CLANG_WARN_OBJC_ROOT_CLASS = YES_ERROR;
				CLANG_WARN_QUOTED_INCLUDE_IN_FRAMEWORK_HEADER = YES;
				CLANG_WARN_RANGE_LOOP_ANALYSIS = YES;
				CLANG_WARN_STRICT_PROTOTYPES = YES;
				CLANG_WARN_SUSPICIOUS_MOVE = YES;
				CLANG_WARN_UNGUARDED_AVAILABILITY = YES_AGGRESSIVE;
				CLANG_WARN_UNREACHABLE_CODE = YES;
				CLANG_WARN__DUPLICATE_METHOD_MATCH = YES;
				COPY_PHASE_STRIP = NO;
				DEBUG_INFORMATION_FORMAT = "dwarf-with-dsym";
				ENABLE_NS_ASSERTIONS = NO;
				ENABLE_STRICT_OBJC_MSGSEND = YES;
				GCC_C_LANGUAGE_STANDARD = gnu11;
				GCC_NO_COMMON_BLOCKS = YES;
				GCC_WARN_64_TO_32_BIT_CONVERSION = YES;
				GCC_WARN_ABOUT_RETURN_TYPE = YES_ERROR;
				GCC_WARN_UNDECLARED_SELECTOR = YES;
				GCC_WARN_UNINITIALIZED_AUTOS = YES_AGGRESSIVE;
				GCC_WARN_UNUSED_FUNCTION = YES;
				GCC_WARN_UNUSED_VARIABLE = YES;
				IPHONEOS_DEPLOYMENT_TARGET = 14.4;
				MTL_ENABLE_DEBUG_INFO = NO;
				MTL_FAST_MATH = YES;
				SDKROOT = iphoneos;
				SWIFT_COMPILATION_MODE = wholemodule;
				SWIFT_OPTIMIZATION_LEVEL = "-O";
				VALIDATE_PRODUCT = YES;
			};
			name = Release;
		};
		9A13521025E88986008DDBBE /* Debug */ = {
			isa = XCBuildConfiguration;
			buildSettings = {
				ASSETCATALOG_COMPILER_APPICON_NAME = AppIcon;
				ASSETCATALOG_COMPILER_GLOBAL_ACCENT_COLOR_NAME = AccentColor;
				CODE_SIGN_STYLE = Automatic;
				DEVELOPMENT_ASSET_PATHS = "\"TabPlayer/Preview Content\"";
				DEVELOPMENT_TEAM = 7643GBP26E;
				ENABLE_PREVIEWS = YES;
				INFOPLIST_FILE = TabPlayer/Info.plist;
				IPHONEOS_DEPLOYMENT_TARGET = 14.0;
				LD_RUNPATH_SEARCH_PATHS = (
					"$(inherited)",
					"@executable_path/Frameworks",
				);
				PRODUCT_BUNDLE_IDENTIFIER = edu.berklee.avantroyer.TabPlayer;
				PRODUCT_NAME = "$(TARGET_NAME)";
				SWIFT_VERSION = 5.0;
				TARGETED_DEVICE_FAMILY = "1,2";
			};
			name = Debug;
		};
		9A13521125E88986008DDBBE /* Release */ = {
			isa = XCBuildConfiguration;
			buildSettings = {
				ASSETCATALOG_COMPILER_APPICON_NAME = AppIcon;
				ASSETCATALOG_COMPILER_GLOBAL_ACCENT_COLOR_NAME = AccentColor;
				CODE_SIGN_STYLE = Automatic;
				DEVELOPMENT_ASSET_PATHS = "\"TabPlayer/Preview Content\"";
				DEVELOPMENT_TEAM = 7643GBP26E;
				ENABLE_PREVIEWS = YES;
				INFOPLIST_FILE = TabPlayer/Info.plist;
				IPHONEOS_DEPLOYMENT_TARGET = 14.0;
				LD_RUNPATH_SEARCH_PATHS = (
					"$(inherited)",
					"@executable_path/Frameworks",
				);
				PRODUCT_BUNDLE_IDENTIFIER = edu.berklee.avantroyer.TabPlayer;
				PRODUCT_NAME = "$(TARGET_NAME)";
				SWIFT_VERSION = 5.0;
				TARGETED_DEVICE_FAMILY = "1,2";
			};
			name = Release;
		};
/* End XCBuildConfiguration section */

/* Begin XCConfigurationList section */
		9A1351FB25E88983008DDBBE /* Build configuration list for PBXProject "TabPlayer" */ = {
			isa = XCConfigurationList;
			buildConfigurations = (
				9A13520D25E88986008DDBBE /* Debug */,
				9A13520E25E88986008DDBBE /* Release */,
			);
			defaultConfigurationIsVisible = 0;
			defaultConfigurationName = Release;
		};
		9A13520F25E88986008DDBBE /* Build configuration list for PBXNativeTarget "TabPlayer" */ = {
			isa = XCConfigurationList;
			buildConfigurations = (
				9A13521025E88986008DDBBE /* Debug */,
				9A13521125E88986008DDBBE /* Release */,
			);
			defaultConfigurationIsVisible = 0;
			defaultConfigurationName = Release;
		};
/* End XCConfigurationList section */

/* Begin XCRemoteSwiftPackageReference section */
		1A2A339826044E38000E8FB3 /* XCRemoteSwiftPackageReference "swiftui-sliders" */ = {
			isa = XCRemoteSwiftPackageReference;
			repositoryURL = "https://github.com/spacenation/swiftui-sliders";
			requirement = {
				kind = upToNextMajorVersion;
				minimumVersion = 1.0.0;
			};
		};
		9A13522425E89407008DDBBE /* XCRemoteSwiftPackageReference "AudioKit" */ = {
			isa = XCRemoteSwiftPackageReference;
			repositoryURL = "https://github.com/AudioKit/AudioKit";
			requirement = {
				branch = "v5-main";
				kind = branch;
			};
		};
/* End XCRemoteSwiftPackageReference section */

/* Begin XCSwiftPackageProductDependency section */
		1A2A339926044E38000E8FB3 /* Sliders */ = {
			isa = XCSwiftPackageProductDependency;
			package = 1A2A339826044E38000E8FB3 /* XCRemoteSwiftPackageReference "swiftui-sliders" */;
			productName = Sliders;
		};
		9A13522525E89407008DDBBE /* AudioKit */ = {
			isa = XCSwiftPackageProductDependency;
			package = 9A13522425E89407008DDBBE /* XCRemoteSwiftPackageReference "AudioKit" */;
			productName = AudioKit;
		};
/* End XCSwiftPackageProductDependency section */
	};
	rootObject = 9A1351F825E88983008DDBBE /* Project object */;
}
